// !$*UTF8*$!
{
	archiveVersion = 1;
	classes = {
	};
	objectVersion = 56;
	objects = {

/* Begin PBXBuildFile section */
		3A4031902B7DF6DA007AD972 /* NewViewModel.swift in Sources */ = {isa = PBXBuildFile; fileRef = 3A40318F2B7DF6DA007AD972 /* NewViewModel.swift */; };
		3A4FB55D2B7C8FD800812D08 /* CSVChartsApp.swift in Sources */ = {isa = PBXBuildFile; fileRef = 3A4FB55C2B7C8FD800812D08 /* CSVChartsApp.swift */; };
		3A4FB55F2B7C8FD800812D08 /* MainView.swift in Sources */ = {isa = PBXBuildFile; fileRef = 3A4FB55E2B7C8FD800812D08 /* MainView.swift */; };
		3A4FB5612B7C8FDA00812D08 /* Assets.xcassets in Resources */ = {isa = PBXBuildFile; fileRef = 3A4FB5602B7C8FDA00812D08 /* Assets.xcassets */; };
		3A4FB5642B7C8FDA00812D08 /* Preview Assets.xcassets in Resources */ = {isa = PBXBuildFile; fileRef = 3A4FB5632B7C8FDA00812D08 /* Preview Assets.xcassets */; };
		3A4FB56E2B7C90FC00812D08 /* MainViewModel.swift in Sources */ = {isa = PBXBuildFile; fileRef = 3A4FB56D2B7C90FC00812D08 /* MainViewModel.swift */; };
		3A4FB5752B7C9E6800812D08 /* ChartsVIew.swift in Sources */ = {isa = PBXBuildFile; fileRef = 3A4FB5742B7C9E6800812D08 /* ChartsVIew.swift */; };
		3A4FB5772B7CA0E400812D08 /* ChartsModel.swift in Sources */ = {isa = PBXBuildFile; fileRef = 3A4FB5762B7CA0E400812D08 /* ChartsModel.swift */; };
		3A4FB5792B7CA13100812D08 /* ChartsViewModel.swift in Sources */ = {isa = PBXBuildFile; fileRef = 3A4FB5782B7CA13100812D08 /* ChartsViewModel.swift */; };
/* End PBXBuildFile section */

/* Begin PBXFileReference section */
		3A40318F2B7DF6DA007AD972 /* NewViewModel.swift */ = {isa = PBXFileReference; lastKnownFileType = sourcecode.swift; path = NewViewModel.swift; sourceTree = "<group>"; };
		3A4FB5592B7C8FD700812D08 /* CSVCharts.app */ = {isa = PBXFileReference; explicitFileType = wrapper.application; includeInIndex = 0; path = CSVCharts.app; sourceTree = BUILT_PRODUCTS_DIR; };
		3A4FB55C2B7C8FD800812D08 /* CSVChartsApp.swift */ = {isa = PBXFileReference; lastKnownFileType = sourcecode.swift; path = CSVChartsApp.swift; sourceTree = "<group>"; };
		3A4FB55E2B7C8FD800812D08 /* MainView.swift */ = {isa = PBXFileReference; lastKnownFileType = sourcecode.swift; path = MainView.swift; sourceTree = "<group>"; };
		3A4FB5602B7C8FDA00812D08 /* Assets.xcassets */ = {isa = PBXFileReference; lastKnownFileType = folder.assetcatalog; path = Assets.xcassets; sourceTree = "<group>"; };
		3A4FB5632B7C8FDA00812D08 /* Preview Assets.xcassets */ = {isa = PBXFileReference; lastKnownFileType = folder.assetcatalog; path = "Preview Assets.xcassets"; sourceTree = "<group>"; };
		3A4FB56D2B7C90FC00812D08 /* MainViewModel.swift */ = {isa = PBXFileReference; lastKnownFileType = sourcecode.swift; path = MainViewModel.swift; sourceTree = "<group>"; };
		3A4FB56F2B7C9AF400812D08 /* Info.plist */ = {isa = PBXFileReference; lastKnownFileType = text.plist; path = Info.plist; sourceTree = "<group>"; };
		3A4FB5742B7C9E6800812D08 /* ChartsVIew.swift */ = {isa = PBXFileReference; lastKnownFileType = sourcecode.swift; path = ChartsVIew.swift; sourceTree = "<group>"; };
		3A4FB5762B7CA0E400812D08 /* ChartsModel.swift */ = {isa = PBXFileReference; lastKnownFileType = sourcecode.swift; path = ChartsModel.swift; sourceTree = "<group>"; };
		3A4FB5782B7CA13100812D08 /* ChartsViewModel.swift */ = {isa = PBXFileReference; lastKnownFileType = sourcecode.swift; path = ChartsViewModel.swift; sourceTree = "<group>"; };
/* End PBXFileReference section */

/* Begin PBXFrameworksBuildPhase section */
		3A4FB5562B7C8FD700812D08 /* Frameworks */ = {
			isa = PBXFrameworksBuildPhase;
			buildActionMask = 2147483647;
			files = (
			);
			runOnlyForDeploymentPostprocessing = 0;
		};
/* End PBXFrameworksBuildPhase section */

/* Begin PBXGroup section */
		3A4FB5502B7C8FD700812D08 = {
			isa = PBXGroup;
			children = (
				3A4FB55B2B7C8FD800812D08 /* CSVCharts */,
				3A4FB55A2B7C8FD700812D08 /* Products */,
			);
			sourceTree = "<group>";
		};
		3A4FB55A2B7C8FD700812D08 /* Products */ = {
			isa = PBXGroup;
			children = (
				3A4FB5592B7C8FD700812D08 /* CSVCharts.app */,
			);
			name = Products;
			sourceTree = "<group>";
		};
		3A4FB55B2B7C8FD800812D08 /* CSVCharts */ = {
			isa = PBXGroup;
			children = (
				3A4FB56F2B7C9AF400812D08 /* Info.plist */,
				3A4FB55C2B7C8FD800812D08 /* CSVChartsApp.swift */,
				3A4FB56C2B7C90ED00812D08 /* Model */,
				3A4FB56B2B7C90E600812D08 /* ViewModel */,
				3A4FB56A2B7C90DF00812D08 /* View */,
				3A4FB5602B7C8FDA00812D08 /* Assets.xcassets */,
				3A4FB5622B7C8FDA00812D08 /* Preview Content */,
			);
			path = CSVCharts;
			sourceTree = "<group>";
		};
		3A4FB5622B7C8FDA00812D08 /* Preview Content */ = {
			isa = PBXGroup;
			children = (
				3A4FB5632B7C8FDA00812D08 /* Preview Assets.xcassets */,
			);
			path = "Preview Content";
			sourceTree = "<group>";
		};
		3A4FB56A2B7C90DF00812D08 /* View */ = {
			isa = PBXGroup;
			children = (
				3A4FB55E2B7C8FD800812D08 /* MainView.swift */,
				3A4FB5742B7C9E6800812D08 /* ChartsVIew.swift */,
			);
			path = View;
			sourceTree = "<group>";
		};
		3A4FB56B2B7C90E600812D08 /* ViewModel */ = {
			isa = PBXGroup;
			children = (
				3A4FB56D2B7C90FC00812D08 /* MainViewModel.swift */,
				3A4FB5782B7CA13100812D08 /* ChartsViewModel.swift */,
				3A40318F2B7DF6DA007AD972 /* NewViewModel.swift */,
			);
			path = ViewModel;
			sourceTree = "<group>";
		};
		3A4FB56C2B7C90ED00812D08 /* Model */ = {
			isa = PBXGroup;
			children = (
				3A4FB5762B7CA0E400812D08 /* ChartsModel.swift */,
			);
			path = Model;
			sourceTree = "<group>";
		};
/* End PBXGroup section */

/* Begin PBXNativeTarget section */
		3A4FB5582B7C8FD700812D08 /* CSVCharts */ = {
			isa = PBXNativeTarget;
			buildConfigurationList = 3A4FB5672B7C8FDA00812D08 /* Build configuration list for PBXNativeTarget "CSVCharts" */;
			buildPhases = (
				3A4FB5552B7C8FD700812D08 /* Sources */,
				3A4FB5562B7C8FD700812D08 /* Frameworks */,
				3A4FB5572B7C8FD700812D08 /* Resources */,
			);
			buildRules = (
			);
			dependencies = (
			);
			name = CSVCharts;
			productName = CSVCharts;
			productReference = 3A4FB5592B7C8FD700812D08 /* CSVCharts.app */;
			productType = "com.apple.product-type.application";
		};
/* End PBXNativeTarget section */

/* Begin PBXProject section */
		3A4FB5512B7C8FD700812D08 /* Project object */ = {
			isa = PBXProject;
			attributes = {
				BuildIndependentTargetsInParallel = 1;
				KnownAssetTags = (
					New,
				);
				LastSwiftUpdateCheck = 1520;
				LastUpgradeCheck = 1520;
				TargetAttributes = {
					3A4FB5582B7C8FD700812D08 = {
						CreatedOnToolsVersion = 15.2;
					};
				};
			};
			buildConfigurationList = 3A4FB5542B7C8FD700812D08 /* Build configuration list for PBXProject "CSVCharts" */;
			compatibilityVersion = "Xcode 14.0";
			developmentRegion = en;
			hasScannedForEncodings = 0;
			knownRegions = (
				en,
				Base,
			);
			mainGroup = 3A4FB5502B7C8FD700812D08;
			productRefGroup = 3A4FB55A2B7C8FD700812D08 /* Products */;
			projectDirPath = "";
			projectRoot = "";
			targets = (
				3A4FB5582B7C8FD700812D08 /* CSVCharts */,
			);
		};
/* End PBXProject section */

/* Begin PBXResourcesBuildPhase section */
		3A4FB5572B7C8FD700812D08 /* Resources */ = {
			isa = PBXResourcesBuildPhase;
			buildActionMask = 2147483647;
			files = (
				3A4FB5642B7C8FDA00812D08 /* Preview Assets.xcassets in Resources */,
				3A4FB5612B7C8FDA00812D08 /* Assets.xcassets in Resources */,
			);
			runOnlyForDeploymentPostprocessing = 0;
		};
/* End PBXResourcesBuildPhase section */

/* Begin PBXSourcesBuildPhase section */
		3A4FB5552B7C8FD700812D08 /* Sources */ = {
			isa = PBXSourcesBuildPhase;
			buildActionMask = 2147483647;
			files = (
				3A4031902B7DF6DA007AD972 /* NewViewModel.swift in Sources */,
				3A4FB5772B7CA0E400812D08 /* ChartsModel.swift in Sources */,
				3A4FB5792B7CA13100812D08 /* ChartsViewModel.swift in Sources */,
				3A4FB56E2B7C90FC00812D08 /* MainViewModel.swift in Sources */,
				3A4FB55F2B7C8FD800812D08 /* MainView.swift in Sources */,
				3A4FB55D2B7C8FD800812D08 /* CSVChartsApp.swift in Sources */,
				3A4FB5752B7C9E6800812D08 /* ChartsVIew.swift in Sources */,
			);
			runOnlyForDeploymentPostprocessing = 0;
		};
/* End PBXSourcesBuildPhase section */

/* Begin XCBuildConfiguration section */
		3A4FB5652B7C8FDA00812D08 /* Debug */ = {
			isa = XCBuildConfiguration;
			buildSettings = {
				ALWAYS_SEARCH_USER_PATHS = NO;
				ASSETCATALOG_COMPILER_GENERATE_SWIFT_ASSET_SYMBOL_EXTENSIONS = YES;
				CLANG_ANALYZER_NONNULL = YES;
				CLANG_ANALYZER_NUMBER_OBJECT_CONVERSION = YES_AGGRESSIVE;
				CLANG_CXX_LANGUAGE_STANDARD = "gnu++20";
				CLANG_ENABLE_MODULES = YES;
				CLANG_ENABLE_OBJC_ARC = YES;
				CLANG_ENABLE_OBJC_WEAK = YES;
				CLANG_WARN_BLOCK_CAPTURE_AUTORELEASING = YES;
				CLANG_WARN_BOOL_CONVERSION = YES;
				CLANG_WARN_COMMA = YES;
				CLANG_WARN_CONSTANT_CONVERSION = YES;
				CLANG_WARN_DEPRECATED_OBJC_IMPLEMENTATIONS = YES;
				CLANG_WARN_DIRECT_OBJC_ISA_USAGE = YES_ERROR;
				CLANG_WARN_DOCUMENTATION_COMMENTS = YES;
				CLANG_WARN_EMPTY_BODY = YES;
				CLANG_WARN_ENUM_CONVERSION = YES;
				CLANG_WARN_INFINITE_RECURSION = YES;
				CLANG_WARN_INT_CONVERSION = YES;
				CLANG_WARN_NON_LITERAL_NULL_CONVERSION = YES;
				CLANG_WARN_OBJC_IMPLICIT_RETAIN_SELF = YES;
				CLANG_WARN_OBJC_LITERAL_CONVERSION = YES;
				CLANG_WARN_OBJC_ROOT_CLASS = YES_ERROR;
				CLANG_WARN_QUOTED_INCLUDE_IN_FRAMEWORK_HEADER = YES;
				CLANG_WARN_RANGE_LOOP_ANALYSIS = YES;
				CLANG_WARN_STRICT_PROTOTYPES = YES;
				CLANG_WARN_SUSPICIOUS_MOVE = YES;
				CLANG_WARN_UNGUARDED_AVAILABILITY = YES_AGGRESSIVE;
				CLANG_WARN_UNREACHABLE_CODE = YES;
				CLANG_WARN__DUPLICATE_METHOD_MATCH = YES;
				COPY_PHASE_STRIP = NO;
				DEBUG_INFORMATION_FORMAT = dwarf;
				ENABLE_STRICT_OBJC_MSGSEND = YES;
				ENABLE_TESTABILITY = YES;
				ENABLE_USER_SCRIPT_SANDBOXING = YES;
				GCC_C_LANGUAGE_STANDARD = gnu17;
				GCC_DYNAMIC_NO_PIC = NO;
				GCC_NO_COMMON_BLOCKS = YES;
				GCC_OPTIMIZATION_LEVEL = 0;
				GCC_PREPROCESSOR_DEFINITIONS = (
					"DEBUG=1",
					"$(inherited)",
				);
				GCC_WARN_64_TO_32_BIT_CONVERSION = YES;
				GCC_WARN_ABOUT_RETURN_TYPE = YES_ERROR;
				GCC_WARN_UNDECLARED_SELECTOR = YES;
				GCC_WARN_UNINITIALIZED_AUTOS = YES_AGGRESSIVE;
				GCC_WARN_UNUSED_FUNCTION = YES;
				GCC_WARN_UNUSED_VARIABLE = YES;
				IPHONEOS_DEPLOYMENT_TARGET = 17.2;
				LOCALIZATION_PREFERS_STRING_CATALOGS = YES;
				MTL_ENABLE_DEBUG_INFO = INCLUDE_SOURCE;
				MTL_FAST_MATH = YES;
				ONLY_ACTIVE_ARCH = YES;
				SDKROOT = iphoneos;
				SWIFT_ACTIVE_COMPILATION_CONDITIONS = "DEBUG $(inherited)";
				SWIFT_OPTIMIZATION_LEVEL = "-Onone";
			};
			name = Debug;
		};
		3A4FB5662B7C8FDA00812D08 /* Release */ = {
			isa = XCBuildConfiguration;
			buildSettings = {
				ALWAYS_SEARCH_USER_PATHS = NO;
				ASSETCATALOG_COMPILER_GENERATE_SWIFT_ASSET_SYMBOL_EXTENSIONS = YES;
				CLANG_ANALYZER_NONNULL = YES;
				CLANG_ANALYZER_NUMBER_OBJECT_CONVERSION = YES_AGGRESSIVE;
				CLANG_CXX_LANGUAGE_STANDARD = "gnu++20";
				CLANG_ENABLE_MODULES = YES;
				CLANG_ENABLE_OBJC_ARC = YES;
				CLANG_ENABLE_OBJC_WEAK = YES;
				CLANG_WARN_BLOCK_CAPTURE_AUTORELEASING = YES;
				CLANG_WARN_BOOL_CONVERSION = YES;
				CLANG_WARN_COMMA = YES;
				CLANG_WARN_CONSTANT_CONVERSION = YES;
				CLANG_WARN_DEPRECATED_OBJC_IMPLEMENTATIONS = YES;
				CLANG_WARN_DIRECT_OBJC_ISA_USAGE = YES_ERROR;
				CLANG_WARN_DOCUMENTATION_COMMENTS = YES;
				CLANG_WARN_EMPTY_BODY = YES;
				CLANG_WARN_ENUM_CONVERSION = YES;
				CLANG_WARN_INFINITE_RECURSION = YES;
				CLANG_WARN_INT_CONVERSION = YES;
				CLANG_WARN_NON_LITERAL_NULL_CONVERSION = YES;
				CLANG_WARN_OBJC_IMPLICIT_RETAIN_SELF = YES;
				CLANG_WARN_OBJC_LITERAL_CONVERSION = YES;
				CLANG_WARN_OBJC_ROOT_CLASS = YES_ERROR;
				CLANG_WARN_QUOTED_INCLUDE_IN_FRAMEWORK_HEADER = YES;
				CLANG_WARN_RANGE_LOOP_ANALYSIS = YES;
				CLANG_WARN_STRICT_PROTOTYPES = YES;
				CLANG_WARN_SUSPICIOUS_MOVE = YES;
				CLANG_WARN_UNGUARDED_AVAILABILITY = YES_AGGRESSIVE;
				CLANG_WARN_UNREACHABLE_CODE = YES;
				CLANG_WARN__DUPLICATE_METHOD_MATCH = YES;
				COPY_PHASE_STRIP = NO;
				DEBUG_INFORMATION_FORMAT = "dwarf-with-dsym";
				ENABLE_NS_ASSERTIONS = NO;
				ENABLE_STRICT_OBJC_MSGSEND = YES;
				ENABLE_USER_SCRIPT_SANDBOXING = YES;
				GCC_C_LANGUAGE_STANDARD = gnu17;
				GCC_NO_COMMON_BLOCKS = YES;
				GCC_WARN_64_TO_32_BIT_CONVERSION = YES;
				GCC_WARN_ABOUT_RETURN_TYPE = YES_ERROR;
				GCC_WARN_UNDECLARED_SELECTOR = YES;
				GCC_WARN_UNINITIALIZED_AUTOS = YES_AGGRESSIVE;
				GCC_WARN_UNUSED_FUNCTION = YES;
				GCC_WARN_UNUSED_VARIABLE = YES;
				IPHONEOS_DEPLOYMENT_TARGET = 17.2;
				LOCALIZATION_PREFERS_STRING_CATALOGS = YES;
				MTL_ENABLE_DEBUG_INFO = NO;
				MTL_FAST_MATH = YES;
				SDKROOT = iphoneos;
				SWIFT_COMPILATION_MODE = wholemodule;
				VALIDATE_PRODUCT = YES;
			};
			name = Release;
		};
		3A4FB5682B7C8FDA00812D08 /* Debug */ = {
			isa = XCBuildConfiguration;
			buildSettings = {
				ASSETCATALOG_COMPILER_APPICON_NAME = AppIcon;
				ASSETCATALOG_COMPILER_GLOBAL_ACCENT_COLOR_NAME = AccentColor;
				CODE_SIGN_STYLE = Automatic;
				CURRENT_PROJECT_VERSION = 1;
				DEVELOPMENT_ASSET_PATHS = "\"CSVCharts/Preview Content\"";
				DEVELOPMENT_TEAM = CD2H8U7Z2G;
				ENABLE_PREVIEWS = YES;
				GENERATE_INFOPLIST_FILE = YES;
				INFOPLIST_FILE = CSVCharts/Info.plist;
				INFOPLIST_KEY_UIApplicationSceneManifest_Generation = YES;
				INFOPLIST_KEY_UIApplicationSupportsIndirectInputEvents = YES;
				INFOPLIST_KEY_UILaunchScreen_Generation = YES;
				INFOPLIST_KEY_UISupportedInterfaceOrientations_iPad = "UIInterfaceOrientationPortrait UIInterfaceOrientationPortraitUpsideDown UIInterfaceOrientationLandscapeLeft UIInterfaceOrientationLandscapeRight";
				INFOPLIST_KEY_UISupportedInterfaceOrientations_iPhone = "UIInterfaceOrientationPortrait UIInterfaceOrientationLandscapeLeft UIInterfaceOrientationLandscapeRight";
				LD_RUNPATH_SEARCH_PATHS = (
					"$(inherited)",
					"@executable_path/Frameworks",
				);
				MARKETING_VERSION = 1.0;
				PRODUCT_BUNDLE_IDENTIFIER = "Anton-Kasian.CSVCharts";
				PRODUCT_NAME = "$(TARGET_NAME)";
				SWIFT_EMIT_LOC_STRINGS = YES;
				SWIFT_VERSION = 5.0;
				TARGETED_DEVICE_FAMILY = "1,2";
			};
			name = Debug;
		};
		3A4FB5692B7C8FDA00812D08 /* Release */ = {
			isa = XCBuildConfiguration;
			buildSettings = {
				ASSETCATALOG_COMPILER_APPICON_NAME = AppIcon;
				ASSETCATALOG_COMPILER_GLOBAL_ACCENT_COLOR_NAME = AccentColor;
				CODE_SIGN_STYLE = Automatic;
				CURRENT_PROJECT_VERSION = 1;
				DEVELOPMENT_ASSET_PATHS = "\"CSVCharts/Preview Content\"";
				DEVELOPMENT_TEAM = CD2H8U7Z2G;
				ENABLE_PREVIEWS = YES;
				GENERATE_INFOPLIST_FILE = YES;
				INFOPLIST_FILE = CSVCharts/Info.plist;
				INFOPLIST_KEY_UIApplicationSceneManifest_Generation = YES;
				INFOPLIST_KEY_UIApplicationSupportsIndirectInputEvents = YES;
				INFOPLIST_KEY_UILaunchScreen_Generation = YES;
				INFOPLIST_KEY_UISupportedInterfaceOrientations_iPad = "UIInterfaceOrientationPortrait UIInterfaceOrientationPortraitUpsideDown UIInterfaceOrientationLandscapeLeft UIInterfaceOrientationLandscapeRight";
				INFOPLIST_KEY_UISupportedInterfaceOrientations_iPhone = "UIInterfaceOrientationPortrait UIInterfaceOrientationLandscapeLeft UIInterfaceOrientationLandscapeRight";
				LD_RUNPATH_SEARCH_PATHS = (
					"$(inherited)",
					"@executable_path/Frameworks",
				);
				MARKETING_VERSION = 1.0;
				PRODUCT_BUNDLE_IDENTIFIER = "Anton-Kasian.CSVCharts";
				PRODUCT_NAME = "$(TARGET_NAME)";
				SWIFT_EMIT_LOC_STRINGS = YES;
				SWIFT_VERSION = 5.0;
				TARGETED_DEVICE_FAMILY = "1,2";
			};
			name = Release;
		};
/* End XCBuildConfiguration section */

/* Begin XCConfigurationList section */
		3A4FB5542B7C8FD700812D08 /* Build configuration list for PBXProject "CSVCharts" */ = {
			isa = XCConfigurationList;
			buildConfigurations = (
				3A4FB5652B7C8FDA00812D08 /* Debug */,
				3A4FB5662B7C8FDA00812D08 /* Release */,
			);
			defaultConfigurationIsVisible = 0;
			defaultConfigurationName = Release;
		};
		3A4FB5672B7C8FDA00812D08 /* Build configuration list for PBXNativeTarget "CSVCharts" */ = {
			isa = XCConfigurationList;
			buildConfigurations = (
				3A4FB5682B7C8FDA00812D08 /* Debug */,
				3A4FB5692B7C8FDA00812D08 /* Release */,
			);
			defaultConfigurationIsVisible = 0;
			defaultConfigurationName = Release;
		};
/* End XCConfigurationList section */
	};
	rootObject = 3A4FB5512B7C8FD700812D08 /* Project object */;
}
